
Microsoft Visual Studio Solution File, Format Version 12.00
# Visual Studio Version 17
VisualStudioVersion = 17.14.37216.2 d17.14
MinimumVisualStudioVersion = 10.0.40219.1
Project("{FAE04EC0-301F-11D3-BF4B-00C04F79EFBC}") = "Farmacia-app", "Farmacia-app\Farmacia-app.csproj", "{853907CA-BC3D-48F0-819F-9951971C9C33}"
EndProject
Global
	GlobalSection(SolutionConfigurationPlatforms) = preSolution
		Debug|Any CPU = Debug|Any CPU
		Release|Any CPU = Release|Any CPU
	EndGlobalSection
	GlobalSection(ProjectConfigurationPlatforms) = postSolution
		{853907CA-BC3D-48F0-819F-9951971C9C33}.Debug|Any CPU.ActiveCfg = Debug|Any CPU
		{853907CA-BC3D-48F0-819F-9951971C9C33}.Debug|Any CPU.Build.0 = Debug|Any CPU
		{853907CA-BC3D-48F0-819F-9951971C9C33}.Release|Any CPU.ActiveCfg = Release|Any CPU
		{853907CA-BC3D-48F0-819F-9951971C9C33}.Release|Any CPU.Build.0 = Release|Any CPU
	EndGlobalSection
	GlobalSection(SolutionProperties) = preSolution
		HideSolutionNode = FALSE
	EndGlobalSection
	GlobalSection(ExtensibilityGlobals) = postSolution
		SolutionGuid = {E086400A-EBD2-4FE3-8FAD-9238DD171EB7}
	EndGlobalSection
EndGlobal
